PODS:
  - ImageKit (1.0.10)
  - libwebp (0.4.3):
    - libwebp/core (= 0.4.3)
    - libwebp/dec (= 0.4.3)
    - libwebp/demux (= 0.4.3)
    - libwebp/dsp (= 0.4.3)
    - libwebp/enc (= 0.4.3)
    - libwebp/mux (= 0.4.3)
    - libwebp/utils (= 0.4.3)
    - libwebp/webp (= 0.4.3)
  - libwebp/core (0.4.3):
    - libwebp/webp
  - libwebp/dec (0.4.3):
    - libwebp/core
  - libwebp/demux (0.4.3):
    - libwebp/core
  - libwebp/dsp (0.4.3):
    - libwebp/core
  - libwebp/enc (0.4.3):
    - libwebp/core
  - libwebp/mux (0.4.3):
    - libwebp/core
  - libwebp/utils (0.4.3):
    - libwebp/core
  - libwebp/webp (0.4.3)
  - NVLayout (1.2.4)
  - SDWebImage (3.7.4.30):
    - SDWebImage/Core (= 3.7.4.30)
  - SDWebImage/Core (3.7.4.30):
    - ImageKit
  - SDWebImage/WebP (3.7.4.30):
    - libwebp
    - SDWebImage/Core

DEPENDENCIES:
  - NVLayout
  - SDWebImage
  - SDWebImage/WebP

SPEC CHECKSUMS:
  ImageKit: 2820d01f4c9e27ac043db201106040ae340fdd3d
  libwebp: 439fdd1006d68db75965cf58ae8b8c5e3e5a98ad
  NVLayout: 51ac2d152a82fa153af726aa98fce725bb64899c
  SDWebImage: d94af5b8d54aead1aa0e76a7a863889a35e6d604

PODFILE CHECKSUM: 9c20afced11e806f24525be2ed0b2e78742727ea

COCOAPODS: 1.3.1
